{
  "name": "machineCode AsmX",
  "lockfileVersion": 3,
  "requires": true,
  "packages": {
    "": {
      "dependencies": {
        "llvm.js": "^1.0.2"
      }
    },
    "node_modules/llvm.js": {
      "version": "1.0.2",
      "resolved": "https://registry.npmjs.org/llvm.js/-/llvm.js-1.0.2.tgz",
      "integrity": "sha512-P2MCnRnXIU5D7lSZ6cy1g82CskuBQGFtVtiOopGSlRW8qCwiGPTzaGxYdbPg2H9aWKGq+tU3441CDnsO8B1aBw=="
    }
  }
}
